
Microsoft Visual Studio Solution File, Format Version 12.00
# Visual Studio Version 17
VisualStudioVersion = 17.3.32922.545
MinimumVisualStudioVersion = 10.0.40219.1
Project("{FAE04EC0-301F-11D3-BF4B-00C04F79EFBC}") = "EmployeeeDetails", "EmployeeeDetails.csproj", "{B44AAFAB-A602-4847-B940-80152AA85933}"
EndProject
Global
	GlobalSection(SolutionConfigurationPlatforms) = preSolution
		Debug|Any CPU = Debug|Any CPU
		Release|Any CPU = Release|Any CPU
	EndGlobalSection
	GlobalSection(ProjectConfigurationPlatforms) = postSolution
		{B44AAFAB-A602-4847-B940-80152AA85933}.Debug|Any CPU.ActiveCfg = Debug|Any CPU
		{B44AAFAB-A602-4847-B940-80152AA85933}.Debug|Any CPU.Build.0 = Debug|Any CPU
		{B44AAFAB-A602-4847-B940-80152AA85933}.Release|Any CPU.ActiveCfg = Release|Any CPU
		{B44AAFAB-A602-4847-B940-80152AA85933}.Release|Any CPU.Build.0 = Release|Any CPU
	EndGlobalSection
	GlobalSection(SolutionProperties) = preSolution
		HideSolutionNode = FALSE
	EndGlobalSection
	GlobalSection(ExtensibilityGlobals) = postSolution
		SolutionGuid = {7EED5726-6E9D-418B-B10F-D2DE4D0EFEA5}
	EndGlobalSection
EndGlobal
